{
  "name": "Artist John Charles",
  "lockfileVersion": 2,
  "requires": true,
  "packages": {
    "": {
      "dependencies": {
        "@openzeppelin/contracts": "^4.8.0",
        "@rari-capital/solmate": "^6.4.0",
        "closedsea": "^1.0.0"
      }
    },
    "node_modules/@openzeppelin/contracts": {
      "version": "4.8.0",
      "resolved": "https://registry.npmjs.org/@openzeppelin/contracts/-/contracts-4.8.0.tgz",
      "integrity": "sha512-AGuwhRRL+NaKx73WKRNzeCxOCOCxpaqF+kp8TJ89QzAipSwZy/NoflkWaL9bywXFRhIzXt8j38sfF7KBKCPWLw=="
    },
    "node_modules/@rari-capital/solmate": {
      "version": "6.4.0",
      "resolved": "https://registry.npmjs.org/@rari-capital/solmate/-/solmate-6.4.0.tgz",
      "integrity": "sha512-BXWIHHbG5Zbgrxi0qVYe0Zs+bfx+XgOciVUACjuIApV0KzC0kY8XdO1higusIei/ZKCC+GUKdcdQZflxYPUTKQ==",
      "deprecated": "Package no longer supported. Contact Support at https://www.npmjs.com/support for more info."
    },
    "node_modules/closedsea": {
      "version": "1.0.0",
      "resolved": "https://registry.npmjs.org/closedsea/-/closedsea-1.0.0.tgz",
      "integrity": "sha512-LIE4wGquD1DwpNU8+7zm7jBxXg4/iyFYHjyoGi1auLL7C5trU9IBcK6sagazm7/J0j4JK6a0gFjXMVMDePz20g=="
    }
  },
  "dependencies": {
    "@openzeppelin/contracts": {
      "version": "4.8.0",
      "resolved": "https://registry.npmjs.org/@openzeppelin/contracts/-/contracts-4.8.0.tgz",
      "integrity": "sha512-AGuwhRRL+NaKx73WKRNzeCxOCOCxpaqF+kp8TJ89QzAipSwZy/NoflkWaL9bywXFRhIzXt8j38sfF7KBKCPWLw=="
    },
    "@rari-capital/solmate": {
      "version": "6.4.0",
      "resolved": "https://registry.npmjs.org/@rari-capital/solmate/-/solmate-6.4.0.tgz",
      "integrity": "sha512-BXWIHHbG5Zbgrxi0qVYe0Zs+bfx+XgOciVUACjuIApV0KzC0kY8XdO1higusIei/ZKCC+GUKdcdQZflxYPUTKQ=="
    },
    "closedsea": {
      "version": "1.0.0",
      "resolved": "https://registry.npmjs.org/closedsea/-/closedsea-1.0.0.tgz",
      "integrity": "sha512-LIE4wGquD1DwpNU8+7zm7jBxXg4/iyFYHjyoGi1auLL7C5trU9IBcK6sagazm7/J0j4JK6a0gFjXMVMDePz20g=="
    }
  }
}
